
Microsoft Visual Studio Solution File, Format Version 12.00
# Visual Studio Version 17
VisualStudioVersion = 17.5.33627.172
MinimumVisualStudioVersion = 10.0.40219.1
Project("{8BC9CEB8-8B4A-11D0-8D11-00A0C91BC942}") = "Combine_PAM", "Combine_PAM.vcxproj", "{7267650A-7B0C-452F-8E75-7F0EAC8A150A}"
EndProject
Global
	GlobalSection(SolutionConfigurationPlatforms) = preSolution
		Debug|x64 = Debug|x64
		Debug|x86 = Debug|x86
		Release|x64 = Release|x64
		Release|x86 = Release|x86
	EndGlobalSection
	GlobalSection(ProjectConfigurationPlatforms) = postSolution
		{7267650A-7B0C-452F-8E75-7F0EAC8A150A}.Debug|x64.ActiveCfg = Debug|x64
		{7267650A-7B0C-452F-8E75-7F0EAC8A150A}.Debug|x64.Build.0 = Debug|x64
		{7267650A-7B0C-452F-8E75-7F0EAC8A150A}.Debug|x86.ActiveCfg = Debug|Win32
		{7267650A-7B0C-452F-8E75-7F0EAC8A150A}.Debug|x86.Build.0 = Debug|Win32
		{7267650A-7B0C-452F-8E75-7F0EAC8A150A}.Release|x64.ActiveCfg = Release|x64
		{7267650A-7B0C-452F-8E75-7F0EAC8A150A}.Release|x64.Build.0 = Release|x64
		{7267650A-7B0C-452F-8E75-7F0EAC8A150A}.Release|x86.ActiveCfg = Release|Win32
		{7267650A-7B0C-452F-8E75-7F0EAC8A150A}.Release|x86.Build.0 = Release|Win32
	EndGlobalSection
	GlobalSection(SolutionProperties) = preSolution
		HideSolutionNode = FALSE
	EndGlobalSection
	GlobalSection(ExtensibilityGlobals) = postSolution
		SolutionGuid = {F4A0D127-03BB-49E1-919F-E63FC11981B1}
	EndGlobalSection
EndGlobal
