
Microsoft Visual Studio Solution File, Format Version 12.00
# Visual Studio Version 17
VisualStudioVersion = 17.5.33516.290
MinimumVisualStudioVersion = 10.0.40219.1
Project("{8BC9CEB8-8B4A-11D0-8D11-00A0C91BC942}") = "huffman_canonical", "huffman_canonical.vcxproj", "{B20D7EC1-64D4-4A7D-81BB-3C29EA2F5721}"
EndProject
Global
	GlobalSection(SolutionConfigurationPlatforms) = preSolution
		Debug|x64 = Debug|x64
		Debug|x86 = Debug|x86
		Release|x64 = Release|x64
		Release|x86 = Release|x86
	EndGlobalSection
	GlobalSection(ProjectConfigurationPlatforms) = postSolution
		{B20D7EC1-64D4-4A7D-81BB-3C29EA2F5721}.Debug|x64.ActiveCfg = Debug|x64
		{B20D7EC1-64D4-4A7D-81BB-3C29EA2F5721}.Debug|x64.Build.0 = Debug|x64
		{B20D7EC1-64D4-4A7D-81BB-3C29EA2F5721}.Debug|x86.ActiveCfg = Debug|Win32
		{B20D7EC1-64D4-4A7D-81BB-3C29EA2F5721}.Debug|x86.Build.0 = Debug|Win32
		{B20D7EC1-64D4-4A7D-81BB-3C29EA2F5721}.Release|x64.ActiveCfg = Release|x64
		{B20D7EC1-64D4-4A7D-81BB-3C29EA2F5721}.Release|x64.Build.0 = Release|x64
		{B20D7EC1-64D4-4A7D-81BB-3C29EA2F5721}.Release|x86.ActiveCfg = Release|Win32
		{B20D7EC1-64D4-4A7D-81BB-3C29EA2F5721}.Release|x86.Build.0 = Release|Win32
	EndGlobalSection
	GlobalSection(SolutionProperties) = preSolution
		HideSolutionNode = FALSE
	EndGlobalSection
	GlobalSection(ExtensibilityGlobals) = postSolution
		SolutionGuid = {83F6F71D-2086-4C34-9C24-5A0F66AFA3FE}
	EndGlobalSection
EndGlobal
