
Microsoft Visual Studio Solution File, Format Version 12.00
# Visual Studio Version 17
VisualStudioVersion = 17.6.33712.159
MinimumVisualStudioVersion = 10.0.40219.1
Project("{8BC9CEB8-8B4A-11D0-8D11-00A0C91BC942}") = "1_pgm", "1_pgm.vcxproj", "{56D32E03-A215-4B5F-A306-774CA18D09FD}"
EndProject
Global
	GlobalSection(SolutionConfigurationPlatforms) = preSolution
		Debug|x64 = Debug|x64
		Debug|x86 = Debug|x86
		Release|x64 = Release|x64
		Release|x86 = Release|x86
	EndGlobalSection
	GlobalSection(ProjectConfigurationPlatforms) = postSolution
		{56D32E03-A215-4B5F-A306-774CA18D09FD}.Debug|x64.ActiveCfg = Debug|x64
		{56D32E03-A215-4B5F-A306-774CA18D09FD}.Debug|x64.Build.0 = Debug|x64
		{56D32E03-A215-4B5F-A306-774CA18D09FD}.Debug|x86.ActiveCfg = Debug|Win32
		{56D32E03-A215-4B5F-A306-774CA18D09FD}.Debug|x86.Build.0 = Debug|Win32
		{56D32E03-A215-4B5F-A306-774CA18D09FD}.Release|x64.ActiveCfg = Release|x64
		{56D32E03-A215-4B5F-A306-774CA18D09FD}.Release|x64.Build.0 = Release|x64
		{56D32E03-A215-4B5F-A306-774CA18D09FD}.Release|x86.ActiveCfg = Release|Win32
		{56D32E03-A215-4B5F-A306-774CA18D09FD}.Release|x86.Build.0 = Release|Win32
	EndGlobalSection
	GlobalSection(SolutionProperties) = preSolution
		HideSolutionNode = FALSE
	EndGlobalSection
	GlobalSection(ExtensibilityGlobals) = postSolution
		SolutionGuid = {1B29C11A-7958-4CE6-A31E-39F6AF55C22A}
	EndGlobalSection
EndGlobal
