
Microsoft Visual Studio Solution File, Format Version 12.00
# Visual Studio Version 17
VisualStudioVersion = 17.5.33627.172
MinimumVisualStudioVersion = 10.0.40219.1
Project("{8BC9CEB8-8B4A-11D0-8D11-00A0C91BC942}") = "BwBr", "BwBr\BwBr.vcxproj", "{5537B239-0298-4307-B989-D4F2EA65E3E7}"
EndProject
Project("{8BC9CEB8-8B4A-11D0-8D11-00A0C91BC942}") = "BwBr_2", "BwBr_2\BwBr_2.vcxproj", "{FB5AFD21-8DBF-4377-A49C-3B439D1E3411}"
EndProject
Global
	GlobalSection(SolutionConfigurationPlatforms) = preSolution
		Debug|x64 = Debug|x64
		Debug|x86 = Debug|x86
		Release|x64 = Release|x64
		Release|x86 = Release|x86
	EndGlobalSection
	GlobalSection(ProjectConfigurationPlatforms) = postSolution
		{5537B239-0298-4307-B989-D4F2EA65E3E7}.Debug|x64.ActiveCfg = Debug|x64
		{5537B239-0298-4307-B989-D4F2EA65E3E7}.Debug|x64.Build.0 = Debug|x64
		{5537B239-0298-4307-B989-D4F2EA65E3E7}.Debug|x86.ActiveCfg = Debug|Win32
		{5537B239-0298-4307-B989-D4F2EA65E3E7}.Debug|x86.Build.0 = Debug|Win32
		{5537B239-0298-4307-B989-D4F2EA65E3E7}.Release|x64.ActiveCfg = Release|x64
		{5537B239-0298-4307-B989-D4F2EA65E3E7}.Release|x64.Build.0 = Release|x64
		{5537B239-0298-4307-B989-D4F2EA65E3E7}.Release|x86.ActiveCfg = Release|Win32
		{5537B239-0298-4307-B989-D4F2EA65E3E7}.Release|x86.Build.0 = Release|Win32
		{FB5AFD21-8DBF-4377-A49C-3B439D1E3411}.Debug|x64.ActiveCfg = Debug|x64
		{FB5AFD21-8DBF-4377-A49C-3B439D1E3411}.Debug|x64.Build.0 = Debug|x64
		{FB5AFD21-8DBF-4377-A49C-3B439D1E3411}.Debug|x86.ActiveCfg = Debug|Win32
		{FB5AFD21-8DBF-4377-A49C-3B439D1E3411}.Debug|x86.Build.0 = Debug|Win32
		{FB5AFD21-8DBF-4377-A49C-3B439D1E3411}.Release|x64.ActiveCfg = Release|x64
		{FB5AFD21-8DBF-4377-A49C-3B439D1E3411}.Release|x64.Build.0 = Release|x64
		{FB5AFD21-8DBF-4377-A49C-3B439D1E3411}.Release|x86.ActiveCfg = Release|Win32
		{FB5AFD21-8DBF-4377-A49C-3B439D1E3411}.Release|x86.Build.0 = Release|Win32
	EndGlobalSection
	GlobalSection(SolutionProperties) = preSolution
		HideSolutionNode = FALSE
	EndGlobalSection
	GlobalSection(ExtensibilityGlobals) = postSolution
		SolutionGuid = {4DE03BF1-6779-4865-88AA-EA8FBBDE2FB5}
	EndGlobalSection
EndGlobal
